
Microsoft Visual Studio Solution File, Format Version 12.00
# Visual Studio Version 16
VisualStudioVersion = 16.0.32602.291
MinimumVisualStudioVersion = 10.0.40219.1
Project("{FAE04EC0-301F-11D3-BF4B-00C04F79EFBC}") = "Process", "Process.csproj", "{DBAC61C8-84B7-4146-AB1E-0D62ECC71EE0}"
EndProject
Global
	GlobalSection(SolutionConfigurationPlatforms) = preSolution
		Debug|Any CPU = Debug|Any CPU
		Release|Any CPU = Release|Any CPU
	EndGlobalSection
	GlobalSection(ProjectConfigurationPlatforms) = postSolution
		{DBAC61C8-84B7-4146-AB1E-0D62ECC71EE0}.Debug|Any CPU.ActiveCfg = Debug|Any CPU
		{DBAC61C8-84B7-4146-AB1E-0D62ECC71EE0}.Debug|Any CPU.Build.0 = Debug|Any CPU
		{DBAC61C8-84B7-4146-AB1E-0D62ECC71EE0}.Release|Any CPU.ActiveCfg = Release|Any CPU
		{DBAC61C8-84B7-4146-AB1E-0D62ECC71EE0}.Release|Any CPU.Build.0 = Release|Any CPU
	EndGlobalSection
	GlobalSection(SolutionProperties) = preSolution
		HideSolutionNode = FALSE
	EndGlobalSection
	GlobalSection(ExtensibilityGlobals) = postSolution
		SolutionGuid = {23C4778D-827A-4741-B443-D6E89C9EBEC1}
	EndGlobalSection
EndGlobal
